// !$*UTF8*$!
{
	archiveVersion = 1;
	classes = {
	};
	objectVersion = 48;
	objects = {

/* Begin PBXBuildFile section */
		69623F7F2195FA23004A4E63 /* Default-568h@2x.png in Resources */ = {isa = PBXBuildFile; fileRef = 69623F7E2195FA23004A4E63 /* Default-568h@2x.png */; };
		83349EE8684BA1B580C1B3DC /* Pods_MemMap.framework in Frameworks */ = {isa = PBXBuildFile; fileRef = D00F86A738149B21EA0AB30F /* Pods_MemMap.framework */; };
		9B32E9E5202F9D2E003AB662 /* GoogleService-Info.plist in Resources */ = {isa = PBXBuildFile; fileRef = 9B32E9E4202F9D2E003AB662 /* GoogleService-Info.plist */; };
		9B32E9E7202FA3DC003AB662 /* MapViewController.swift in Sources */ = {isa = PBXBuildFile; fileRef = 9B32E9E6202FA3DC003AB662 /* MapViewController.swift */; };
		9B32E9E9202FB929003AB662 /* CameraViewController.swift in Sources */ = {isa = PBXBuildFile; fileRef = 9B32E9E8202FB929003AB662 /* CameraViewController.swift */; };
		9B32E9EB20301E0D003AB662 /* Assets.xcassets in Resources */ = {isa = PBXBuildFile; fileRef = 9B32E9EA20301E0D003AB662 /* Assets.xcassets */; };
		9B8FE6B6202F8DBD00D03CF1 /* AppDelegate.swift in Sources */ = {isa = PBXBuildFile; fileRef = 9B8FE6B5202F8DBD00D03CF1 /* AppDelegate.swift */; };
		9B8FE6B8202F8DBD00D03CF1 /* art.scnassets in Resources */ = {isa = PBXBuildFile; fileRef = 9B8FE6B7202F8DBD00D03CF1 /* art.scnassets */; };
		9B8FE6BD202F8DBD00D03CF1 /* Main.storyboard in Resources */ = {isa = PBXBuildFile; fileRef = 9B8FE6BB202F8DBD00D03CF1 /* Main.storyboard */; };
		9B8FE6C2202F8DBD00D03CF1 /* LaunchScreen.storyboard in Resources */ = {isa = PBXBuildFile; fileRef = 9B8FE6C0202F8DBD00D03CF1 /* LaunchScreen.storyboard */; };
		9B8FE6CA202F8EA000D03CF1 /* MainViewController.swift in Sources */ = {isa = PBXBuildFile; fileRef = 9B8FE6C9202F8EA000D03CF1 /* MainViewController.swift */; };
		9D2A3158FD5D13BF2DC77492 /* Pods_MemMap.framework in Frameworks */ = {isa = PBXBuildFile; fileRef = F59943F80C421463371596F5 /* Pods_MemMap.framework */; };
		E6F9C10B202FB592008FA9F4 /* ExploreViewController.swift in Sources */ = {isa = PBXBuildFile; fileRef = E6F9C10A202FB592008FA9F4 /* ExploreViewController.swift */; };
		E6F9C10D202FB5A9008FA9F4 /* ExploreScene.swift in Sources */ = {isa = PBXBuildFile; fileRef = E6F9C10C202FB5A9008FA9F4 /* ExploreScene.swift */; };
		E6F9C117202FC85D008FA9F4 /* MemMapScene.sks in Resources */ = {isa = PBXBuildFile; fileRef = E6F9C116202FC85D008FA9F4 /* MemMapScene.sks */; };
		E6F9C11F202FCB05008FA9F4 /* hitBug.wav in Resources */ = {isa = PBXBuildFile; fileRef = E6F9C118202FCB04008FA9F4 /* hitBug.wav */; };
		E6F9C120202FCB06008FA9F4 /* Attribution.md in Resources */ = {isa = PBXBuildFile; fileRef = E6F9C119202FCB04008FA9F4 /* Attribution.md */; };
		E6F9C121202FCB06008FA9F4 /* sprayFirebug.wav in Resources */ = {isa = PBXBuildFile; fileRef = E6F9C11A202FCB05008FA9F4 /* sprayFirebug.wav */; };
		E6F9C122202FCB06008FA9F4 /* lose.wav in Resources */ = {isa = PBXBuildFile; fileRef = E6F9C11B202FCB05008FA9F4 /* lose.wav */; };
		E6F9C123202FCB06008FA9F4 /* sprayBug.mp3 in Resources */ = {isa = PBXBuildFile; fileRef = E6F9C11C202FCB05008FA9F4 /* sprayBug.mp3 */; };
		E6F9C124202FCB06008FA9F4 /* win.wav in Resources */ = {isa = PBXBuildFile; fileRef = E6F9C11D202FCB05008FA9F4 /* win.wav */; };
		E6F9C125202FCB06008FA9F4 /* catchBugspray.wav in Resources */ = {isa = PBXBuildFile; fileRef = E6F9C11E202FCB05008FA9F4 /* catchBugspray.wav */; };
		E6F9C12A202FE47C008FA9F4 /* Types.swift in Sources */ = {isa = PBXBuildFile; fileRef = E6F9C129202FE47B008FA9F4 /* Types.swift */; };
		E6F9C12C2030104F008FA9F4 /* DisplayPhotoViewController.swift in Sources */ = {isa = PBXBuildFile; fileRef = E6F9C12B2030104F008FA9F4 /* DisplayPhotoViewController.swift */; };
/* End PBXBuildFile section */

/* Begin PBXFileReference section */
		0DAB529A3EBC55B1B261414E /* Pods-MemMap.release.xcconfig */ = {isa = PBXFileReference; includeInIndex = 1; lastKnownFileType = text.xcconfig; name = "Pods-MemMap.release.xcconfig"; path = "Pods/Target Support Files/Pods-MemMap/Pods-MemMap.release.xcconfig"; sourceTree = "<group>"; };
		69623F7E2195FA23004A4E63 /* Default-568h@2x.png */ = {isa = PBXFileReference; lastKnownFileType = image.png; path = "Default-568h@2x.png"; sourceTree = "<group>"; };
		9B32E9E4202F9D2E003AB662 /* GoogleService-Info.plist */ = {isa = PBXFileReference; fileEncoding = 4; lastKnownFileType = text.plist.xml; path = "GoogleService-Info.plist"; sourceTree = "<group>"; };
		9B32E9E6202FA3DC003AB662 /* MapViewController.swift */ = {isa = PBXFileReference; lastKnownFileType = sourcecode.swift; path = MapViewController.swift; sourceTree = "<group>"; };
		9B32E9E8202FB929003AB662 /* CameraViewController.swift */ = {isa = PBXFileReference; lastKnownFileType = sourcecode.swift; path = CameraViewController.swift; sourceTree = "<group>"; };
		9B32E9EA20301E0D003AB662 /* Assets.xcassets */ = {isa = PBXFileReference; lastKnownFileType = folder.assetcatalog; path = Assets.xcassets; sourceTree = "<group>"; };
		9B8FE6B2202F8DBD00D03CF1 /* MemMap.app */ = {isa = PBXFileReference; explicitFileType = wrapper.application; includeInIndex = 0; path = MemMap.app; sourceTree = BUILT_PRODUCTS_DIR; };
		9B8FE6B5202F8DBD00D03CF1 /* AppDelegate.swift */ = {isa = PBXFileReference; lastKnownFileType = sourcecode.swift; path = AppDelegate.swift; sourceTree = "<group>"; };
		9B8FE6B7202F8DBD00D03CF1 /* art.scnassets */ = {isa = PBXFileReference; lastKnownFileType = wrapper.scnassets; path = art.scnassets; sourceTree = "<group>"; };
		9B8FE6BC202F8DBD00D03CF1 /* Base */ = {isa = PBXFileReference; lastKnownFileType = file.storyboard; name = Base; path = Base.lproj/Main.storyboard; sourceTree = "<group>"; };
		9B8FE6C1202F8DBD00D03CF1 /* Base */ = {isa = PBXFileReference; lastKnownFileType = file.storyboard; name = Base; path = Base.lproj/LaunchScreen.storyboard; sourceTree = "<group>"; };
		9B8FE6C3202F8DBD00D03CF1 /* Info.plist */ = {isa = PBXFileReference; lastKnownFileType = text.plist.xml; path = Info.plist; sourceTree = "<group>"; };
		9B8FE6C9202F8EA000D03CF1 /* MainViewController.swift */ = {isa = PBXFileReference; lastKnownFileType = sourcecode.swift; path = MainViewController.swift; sourceTree = "<group>"; };
		9E94BE0D6AEEBABCFDDCDE62 /* Pods-MemMap.debug.xcconfig */ = {isa = PBXFileReference; includeInIndex = 1; lastKnownFileType = text.xcconfig; name = "Pods-MemMap.debug.xcconfig"; path = "Pods/Target Support Files/Pods-MemMap/Pods-MemMap.debug.xcconfig"; sourceTree = "<group>"; };
		D00F86A738149B21EA0AB30F /* Pods_MemMap.framework */ = {isa = PBXFileReference; explicitFileType = wrapper.framework; includeInIndex = 0; path = Pods_MemMap.framework; sourceTree = BUILT_PRODUCTS_DIR; };
		E6F9C10A202FB592008FA9F4 /* ExploreViewController.swift */ = {isa = PBXFileReference; lastKnownFileType = sourcecode.swift; path = ExploreViewController.swift; sourceTree = "<group>"; };
		E6F9C10C202FB5A9008FA9F4 /* ExploreScene.swift */ = {isa = PBXFileReference; lastKnownFileType = sourcecode.swift; path = ExploreScene.swift; sourceTree = "<group>"; };
		E6F9C116202FC85D008FA9F4 /* MemMapScene.sks */ = {isa = PBXFileReference; lastKnownFileType = file.sks; path = MemMapScene.sks; sourceTree = "<group>"; };
		E6F9C118202FCB04008FA9F4 /* hitBug.wav */ = {isa = PBXFileReference; lastKnownFileType = audio.wav; path = hitBug.wav; sourceTree = "<group>"; };
		E6F9C119202FCB04008FA9F4 /* Attribution.md */ = {isa = PBXFileReference; fileEncoding = 4; lastKnownFileType = net.daringfireball.markdown; path = Attribution.md; sourceTree = "<group>"; };
		E6F9C11A202FCB05008FA9F4 /* sprayFirebug.wav */ = {isa = PBXFileReference; lastKnownFileType = audio.wav; path = sprayFirebug.wav; sourceTree = "<group>"; };
		E6F9C11B202FCB05008FA9F4 /* lose.wav */ = {isa = PBXFileReference; lastKnownFileType = audio.wav; path = lose.wav; sourceTree = "<group>"; };
		E6F9C11C202FCB05008FA9F4 /* sprayBug.mp3 */ = {isa = PBXFileReference; lastKnownFileType = audio.mp3; path = sprayBug.mp3; sourceTree = "<group>"; };
		E6F9C11D202FCB05008FA9F4 /* win.wav */ = {isa = PBXFileReference; lastKnownFileType = audio.wav; path = win.wav; sourceTree = "<group>"; };
		E6F9C11E202FCB05008FA9F4 /* catchBugspray.wav */ = {isa = PBXFileReference; lastKnownFileType = audio.wav; path = catchBugspray.wav; sourceTree = "<group>"; };
		E6F9C129202FE47B008FA9F4 /* Types.swift */ = {isa = PBXFileReference; fileEncoding = 4; lastKnownFileType = sourcecode.swift; path = Types.swift; sourceTree = "<group>"; };
		E6F9C12B2030104F008FA9F4 /* DisplayPhotoViewController.swift */ = {isa = PBXFileReference; lastKnownFileType = sourcecode.swift; path = DisplayPhotoViewController.swift; sourceTree = "<group>"; };
		F59943F80C421463371596F5 /* Pods_MemMap.framework */ = {isa = PBXFileReference; explicitFileType = wrapper.framework; includeInIndex = 0; path = Pods_MemMap.framework; sourceTree = BUILT_PRODUCTS_DIR; };
/* End PBXFileReference section */

/* Begin PBXFrameworksBuildPhase section */
		9B8FE6AF202F8DBD00D03CF1 /* Frameworks */ = {
			isa = PBXFrameworksBuildPhase;
			buildActionMask = 2147483647;
			files = (
				9D2A3158FD5D13BF2DC77492 /* Pods_MemMap.framework in Frameworks */,
				83349EE8684BA1B580C1B3DC /* Pods_MemMap.framework in Frameworks */,
			);
			runOnlyForDeploymentPostprocessing = 0;
		};
/* End PBXFrameworksBuildPhase section */

/* Begin PBXGroup section */
		8D49FA79C5F6609EBCCE9110 /* Pods */ = {
			isa = PBXGroup;
			children = (
				9E94BE0D6AEEBABCFDDCDE62 /* Pods-MemMap.debug.xcconfig */,
				0DAB529A3EBC55B1B261414E /* Pods-MemMap.release.xcconfig */,
			);
			name = Pods;
			sourceTree = "<group>";
		};
		9B8FE6A9202F8DBD00D03CF1 = {
			isa = PBXGroup;
			children = (
				69623F7E2195FA23004A4E63 /* Default-568h@2x.png */,
				9B8FE6B4202F8DBD00D03CF1 /* MemMap */,
				9B8FE6B3202F8DBD00D03CF1 /* Products */,
				8D49FA79C5F6609EBCCE9110 /* Pods */,
				DDDB1EEEC81BFAD7B7086017 /* Frameworks */,
			);
			sourceTree = "<group>";
		};
		9B8FE6B3202F8DBD00D03CF1 /* Products */ = {
			isa = PBXGroup;
			children = (
				9B8FE6B2202F8DBD00D03CF1 /* MemMap.app */,
			);
			name = Products;
			sourceTree = "<group>";
		};
		9B8FE6B4202F8DBD00D03CF1 /* MemMap */ = {
			isa = PBXGroup;
			children = (
				9B8FE6B5202F8DBD00D03CF1 /* AppDelegate.swift */,
				9B8FE6B7202F8DBD00D03CF1 /* art.scnassets */,
				9B8FE6C9202F8EA000D03CF1 /* MainViewController.swift */,
				9B32E9E8202FB929003AB662 /* CameraViewController.swift */,
				9B8FE6BB202F8DBD00D03CF1 /* Main.storyboard */,
				E6F9C12B2030104F008FA9F4 /* DisplayPhotoViewController.swift */,
				E6F9C10A202FB592008FA9F4 /* ExploreViewController.swift */,
				E6F9C10C202FB5A9008FA9F4 /* ExploreScene.swift */,
				E6F9C116202FC85D008FA9F4 /* MemMapScene.sks */,
				E6F9C129202FE47B008FA9F4 /* Types.swift */,
				9B8FE6C0202F8DBD00D03CF1 /* LaunchScreen.storyboard */,
				9B8FE6C3202F8DBD00D03CF1 /* Info.plist */,
				9B32E9E4202F9D2E003AB662 /* GoogleService-Info.plist */,
				9B32E9E6202FA3DC003AB662 /* MapViewController.swift */,
				E6F9C11A202FCB05008FA9F4 /* sprayFirebug.wav */,
				9B32E9EA20301E0D003AB662 /* Assets.xcassets */,
				E6F9C128202FCB73008FA9F4 /* Sounds */,
			);
			path = MemMap;
			sourceTree = "<group>";
		};
		DDDB1EEEC81BFAD7B7086017 /* Frameworks */ = {
			isa = PBXGroup;
			children = (
				D00F86A738149B21EA0AB30F /* Pods_MemMap.framework */,
				F59943F80C421463371596F5 /* Pods_MemMap.framework */,
			);
			name = Frameworks;
			sourceTree = "<group>";
		};
		E6F9C128202FCB73008FA9F4 /* Sounds */ = {
			isa = PBXGroup;
			children = (
				E6F9C119202FCB04008FA9F4 /* Attribution.md */,
				E6F9C11E202FCB05008FA9F4 /* catchBugspray.wav */,
				E6F9C118202FCB04008FA9F4 /* hitBug.wav */,
				E6F9C11B202FCB05008FA9F4 /* lose.wav */,
				E6F9C11C202FCB05008FA9F4 /* sprayBug.mp3 */,
				E6F9C11D202FCB05008FA9F4 /* win.wav */,
			);
			path = Sounds;
			sourceTree = "<group>";
		};
/* End PBXGroup section */

/* Begin PBXNativeTarget section */
		9B8FE6B1202F8DBD00D03CF1 /* MemMap */ = {
			isa = PBXNativeTarget;
			buildConfigurationList = 9B8FE6C6202F8DBD00D03CF1 /* Build configuration list for PBXNativeTarget "MemMap" */;
			buildPhases = (
				D2DFB23D271D4C746AF6BC6C /* [CP] Check Pods Manifest.lock */,
				9B8FE6AE202F8DBD00D03CF1 /* Sources */,
				9B8FE6AF202F8DBD00D03CF1 /* Frameworks */,
				9B8FE6B0202F8DBD00D03CF1 /* Resources */,
				94DF25C91FD513A82303829C /* [CP] Embed Pods Frameworks */,
				1055604190F31B2734F17E28 /* [CP] Copy Pods Resources */,
			);
			buildRules = (
			);
			dependencies = (
			);
			name = MemMap;
			productName = MemMap;
			productReference = 9B8FE6B2202F8DBD00D03CF1 /* MemMap.app */;
			productType = "com.apple.product-type.application";
		};
/* End PBXNativeTarget section */

/* Begin PBXProject section */
		9B8FE6AA202F8DBD00D03CF1 /* Project object */ = {
			isa = PBXProject;
			attributes = {
				LastSwiftUpdateCheck = 0920;
				LastUpgradeCheck = 1000;
				ORGANIZATIONNAME = "";
				TargetAttributes = {
					9B8FE6B1202F8DBD00D03CF1 = {
						CreatedOnToolsVersion = 9.2;
						LastSwiftMigration = 1000;
						ProvisioningStyle = Automatic;
					};
				};
			};
			buildConfigurationList = 9B8FE6AD202F8DBD00D03CF1 /* Build configuration list for PBXProject "MemMap" */;
			compatibilityVersion = "Xcode 8.0";
			developmentRegion = en;
			hasScannedForEncodings = 0;
			knownRegions = (
				en,
				Base,
			);
			mainGroup = 9B8FE6A9202F8DBD00D03CF1;
			productRefGroup = 9B8FE6B3202F8DBD00D03CF1 /* Products */;
			projectDirPath = "";
			projectRoot = "";
			targets = (
				9B8FE6B1202F8DBD00D03CF1 /* MemMap */,
			);
		};
/* End PBXProject section */

/* Begin PBXResourcesBuildPhase section */
		9B8FE6B0202F8DBD00D03CF1 /* Resources */ = {
			isa = PBXResourcesBuildPhase;
			buildActionMask = 2147483647;
			files = (
				E6F9C121202FCB06008FA9F4 /* sprayFirebug.wav in Resources */,
				E6F9C125202FCB06008FA9F4 /* catchBugspray.wav in Resources */,
				E6F9C11F202FCB05008FA9F4 /* hitBug.wav in Resources */,
				E6F9C123202FCB06008FA9F4 /* sprayBug.mp3 in Resources */,
				9B8FE6B8202F8DBD00D03CF1 /* art.scnassets in Resources */,
				69623F7F2195FA23004A4E63 /* Default-568h@2x.png in Resources */,
				E6F9C120202FCB06008FA9F4 /* Attribution.md in Resources */,
				9B32E9EB20301E0D003AB662 /* Assets.xcassets in Resources */,
				9B8FE6C2202F8DBD00D03CF1 /* LaunchScreen.storyboard in Resources */,
				E6F9C122202FCB06008FA9F4 /* lose.wav in Resources */,
				E6F9C117202FC85D008FA9F4 /* MemMapScene.sks in Resources */,
				E6F9C124202FCB06008FA9F4 /* win.wav in Resources */,
				9B8FE6BD202F8DBD00D03CF1 /* Main.storyboard in Resources */,
				9B32E9E5202F9D2E003AB662 /* GoogleService-Info.plist in Resources */,
			);
			runOnlyForDeploymentPostprocessing = 0;
		};
/* End PBXResourcesBuildPhase section */

/* Begin PBXShellScriptBuildPhase section */
		1055604190F31B2734F17E28 /* [CP] Copy Pods Resources */ = {
			isa = PBXShellScriptBuildPhase;
			buildActionMask = 2147483647;
			files = (
			);
			inputPaths = (
				"${SRCROOT}/Pods/Target Support Files/Pods-MemMap/Pods-MemMap-resources.sh",
				"${PODS_ROOT}/GoogleMaps/Maps/Frameworks/GoogleMaps.framework/Resources/GoogleMaps.bundle",
				"${PODS_ROOT}/GooglePlaces/Frameworks/GooglePlaces.framework/Resources/GooglePlaces.bundle",
			);
			name = "[CP] Copy Pods Resources";
			outputPaths = (
				"${TARGET_BUILD_DIR}/${UNLOCALIZED_RESOURCES_FOLDER_PATH}/GoogleMaps.bundle",
				"${TARGET_BUILD_DIR}/${UNLOCALIZED_RESOURCES_FOLDER_PATH}/GooglePlaces.bundle",
			);
			runOnlyForDeploymentPostprocessing = 0;
			shellPath = /bin/sh;
			shellScript = "\"${SRCROOT}/Pods/Target Support Files/Pods-MemMap/Pods-MemMap-resources.sh\"\n";
			showEnvVarsInLog = 0;
		};
		94DF25C91FD513A82303829C /* [CP] Embed Pods Frameworks */ = {
			isa = PBXShellScriptBuildPhase;
			buildActionMask = 2147483647;
			files = (
			);
			inputPaths = (
				"${SRCROOT}/Pods/Target Support Files/Pods-MemMap/Pods-MemMap-frameworks.sh",
				"${BUILT_PRODUCTS_DIR}/GTMSessionFetcher/GTMSessionFetcher.framework",
				"${BUILT_PRODUCTS_DIR}/GoogleToolboxForMac/GoogleToolboxForMac.framework",
				"${BUILT_PRODUCTS_DIR}/leveldb-library/leveldb.framework",
				"${BUILT_PRODUCTS_DIR}/nanopb/nanopb.framework",
			);
			name = "[CP] Embed Pods Frameworks";
			outputPaths = (
				"${TARGET_BUILD_DIR}/${FRAMEWORKS_FOLDER_PATH}/GTMSessionFetcher.framework",
				"${TARGET_BUILD_DIR}/${FRAMEWORKS_FOLDER_PATH}/GoogleToolboxForMac.framework",
				"${TARGET_BUILD_DIR}/${FRAMEWORKS_FOLDER_PATH}/leveldb.framework",
				"${TARGET_BUILD_DIR}/${FRAMEWORKS_FOLDER_PATH}/nanopb.framework",
			);
			runOnlyForDeploymentPostprocessing = 0;
			shellPath = /bin/sh;
			shellScript = "\"${SRCROOT}/Pods/Target Support Files/Pods-MemMap/Pods-MemMap-frameworks.sh\"\n";
			showEnvVarsInLog = 0;
		};
		D2DFB23D271D4C746AF6BC6C /* [CP] Check Pods Manifest.lock */ = {
			isa = PBXShellScriptBuildPhase;
			buildActionMask = 2147483647;
			files = (
			);
			inputPaths = (
				"${PODS_PODFILE_DIR_PATH}/Podfile.lock",
				"${PODS_ROOT}/Manifest.lock",
			);
			name = "[CP] Check Pods Manifest.lock";
			outputPaths = (
				"$(DERIVED_FILE_DIR)/Pods-MemMap-checkManifestLockResult.txt",
			);
			runOnlyForDeploymentPostprocessing = 0;
			shellPath = /bin/sh;
			shellScript = "diff \"${PODS_PODFILE_DIR_PATH}/Podfile.lock\" \"${PODS_ROOT}/Manifest.lock\" > /dev/null\nif [ $? != 0 ] ; then\n    # print error to STDERR\n    echo \"error: The sandbox is not in sync with the Podfile.lock. Run 'pod install' or update your CocoaPods installation.\" >&2\n    exit 1\nfi\n# This output is used by Xcode 'outputs' to avoid re-running this script phase.\necho \"SUCCESS\" > \"${SCRIPT_OUTPUT_FILE_0}\"\n";
			showEnvVarsInLog = 0;
		};
/* End PBXShellScriptBuildPhase section */

/* Begin PBXSourcesBuildPhase section */
		9B8FE6AE202F8DBD00D03CF1 /* Sources */ = {
			isa = PBXSourcesBuildPhase;
			buildActionMask = 2147483647;
			files = (
				E6F9C10B202FB592008FA9F4 /* ExploreViewController.swift in Sources */,
				9B8FE6CA202F8EA000D03CF1 /* MainViewController.swift in Sources */,
				9B32E9E9202FB929003AB662 /* CameraViewController.swift in Sources */,
				9B32E9E7202FA3DC003AB662 /* MapViewController.swift in Sources */,
				E6F9C12C2030104F008FA9F4 /* DisplayPhotoViewController.swift in Sources */,
				E6F9C12A202FE47C008FA9F4 /* Types.swift in Sources */,
				9B8FE6B6202F8DBD00D03CF1 /* AppDelegate.swift in Sources */,
				E6F9C10D202FB5A9008FA9F4 /* ExploreScene.swift in Sources */,
			);
			runOnlyForDeploymentPostprocessing = 0;
		};
/* End PBXSourcesBuildPhase section */

/* Begin PBXVariantGroup section */
		9B8FE6BB202F8DBD00D03CF1 /* Main.storyboard */ = {
			isa = PBXVariantGroup;
			children = (
				9B8FE6BC202F8DBD00D03CF1 /* Base */,
			);
			name = Main.storyboard;
			sourceTree = "<group>";
		};
		9B8FE6C0202F8DBD00D03CF1 /* LaunchScreen.storyboard */ = {
			isa = PBXVariantGroup;
			children = (
				9B8FE6C1202F8DBD00D03CF1 /* Base */,
			);
			name = LaunchScreen.storyboard;
			sourceTree = "<group>";
		};
/* End PBXVariantGroup section */

/* Begin XCBuildConfiguration section */
		9B8FE6C4202F8DBD00D03CF1 /* Debug */ = {
			isa = XCBuildConfiguration;
			buildSettings = {
				ALWAYS_SEARCH_USER_PATHS = NO;
				CLANG_ANALYZER_NONNULL = YES;
				CLANG_ANALYZER_NUMBER_OBJECT_CONVERSION = YES_AGGRESSIVE;
				CLANG_CXX_LANGUAGE_STANDARD = "gnu++14";
				CLANG_CXX_LIBRARY = "libc++";
				CLANG_ENABLE_MODULES = YES;
				CLANG_ENABLE_OBJC_ARC = YES;
				CLANG_WARN_BLOCK_CAPTURE_AUTORELEASING = YES;
				CLANG_WARN_BOOL_CONVERSION = YES;
				CLANG_WARN_COMMA = YES;
				CLANG_WARN_CONSTANT_CONVERSION = YES;
				CLANG_WARN_DEPRECATED_OBJC_IMPLEMENTATIONS = YES;
				CLANG_WARN_DIRECT_OBJC_ISA_USAGE = YES_ERROR;
				CLANG_WARN_DOCUMENTATION_COMMENTS = YES;
				CLANG_WARN_EMPTY_BODY = YES;
				CLANG_WARN_ENUM_CONVERSION = YES;
				CLANG_WARN_INFINITE_RECURSION = YES;
				CLANG_WARN_INT_CONVERSION = YES;
				CLANG_WARN_NON_LITERAL_NULL_CONVERSION = YES;
				CLANG_WARN_OBJC_IMPLICIT_RETAIN_SELF = YES;
				CLANG_WARN_OBJC_LITERAL_CONVERSION = YES;
				CLANG_WARN_OBJC_ROOT_CLASS = YES_ERROR;
				CLANG_WARN_RANGE_LOOP_ANALYSIS = YES;
				CLANG_WARN_STRICT_PROTOTYPES = YES;
				CLANG_WARN_SUSPICIOUS_MOVE = YES;
				CLANG_WARN_UNGUARDED_AVAILABILITY = YES_AGGRESSIVE;
				CLANG_WARN_UNREACHABLE_CODE = YES;
				CLANG_WARN__DUPLICATE_METHOD_MATCH = YES;
				CODE_SIGN_IDENTITY = "iPhone Developer";
				COPY_PHASE_STRIP = NO;
				DEBUG_INFORMATION_FORMAT = dwarf;
				ENABLE_STRICT_OBJC_MSGSEND = YES;
				ENABLE_TESTABILITY = YES;
				GCC_C_LANGUAGE_STANDARD = gnu11;
				GCC_DYNAMIC_NO_PIC = NO;
				GCC_NO_COMMON_BLOCKS = YES;
				GCC_OPTIMIZATION_LEVEL = 0;
				GCC_PREPROCESSOR_DEFINITIONS = (
					"DEBUG=1",
					"$(inherited)",
				);
				GCC_WARN_64_TO_32_BIT_CONVERSION = YES;
				GCC_WARN_ABOUT_RETURN_TYPE = YES_ERROR;
				GCC_WARN_UNDECLARED_SELECTOR = YES;
				GCC_WARN_UNINITIALIZED_AUTOS = YES_AGGRESSIVE;
				GCC_WARN_UNUSED_FUNCTION = YES;
				GCC_WARN_UNUSED_VARIABLE = YES;
				IPHONEOS_DEPLOYMENT_TARGET = 11.2;
				MTL_ENABLE_DEBUG_INFO = YES;
				ONLY_ACTIVE_ARCH = YES;
				SDKROOT = iphoneos;
				SWIFT_ACTIVE_COMPILATION_CONDITIONS = DEBUG;
				SWIFT_OPTIMIZATION_LEVEL = "-Onone";
			};
			name = Debug;
		};
		9B8FE6C5202F8DBD00D03CF1 /* Release */ = {
			isa = XCBuildConfiguration;
			buildSettings = {
				ALWAYS_SEARCH_USER_PATHS = NO;
				CLANG_ANALYZER_NONNULL = YES;
				CLANG_ANALYZER_NUMBER_OBJECT_CONVERSION = YES_AGGRESSIVE;
				CLANG_CXX_LANGUAGE_STANDARD = "gnu++14";
				CLANG_CXX_LIBRARY = "libc++";
				CLANG_ENABLE_MODULES = YES;
				CLANG_ENABLE_OBJC_ARC = YES;
				CLANG_WARN_BLOCK_CAPTURE_AUTORELEASING = YES;
				CLANG_WARN_BOOL_CONVERSION = YES;
				CLANG_WARN_COMMA = YES;
				CLANG_WARN_CONSTANT_CONVERSION = YES;
				CLANG_WARN_DEPRECATED_OBJC_IMPLEMENTATIONS = YES;
				CLANG_WARN_DIRECT_OBJC_ISA_USAGE = YES_ERROR;
				CLANG_WARN_DOCUMENTATION_COMMENTS = YES;
				CLANG_WARN_EMPTY_BODY = YES;
				CLANG_WARN_ENUM_CONVERSION = YES;
				CLANG_WARN_INFINITE_RECURSION = YES;
				CLANG_WARN_INT_CONVERSION = YES;
				CLANG_WARN_NON_LITERAL_NULL_CONVERSION = YES;
				CLANG_WARN_OBJC_IMPLICIT_RETAIN_SELF = YES;
				CLANG_WARN_OBJC_LITERAL_CONVERSION = YES;
				CLANG_WARN_OBJC_ROOT_CLASS = YES_ERROR;
				CLANG_WARN_RANGE_LOOP_ANALYSIS = YES;
				CLANG_WARN_STRICT_PROTOTYPES = YES;
				CLANG_WARN_SUSPICIOUS_MOVE = YES;
				CLANG_WARN_UNGUARDED_AVAILABILITY = YES_AGGRESSIVE;
				CLANG_WARN_UNREACHABLE_CODE = YES;
				CLANG_WARN__DUPLICATE_METHOD_MATCH = YES;
				CODE_SIGN_IDENTITY = "iPhone Developer";
				COPY_PHASE_STRIP = NO;
				DEBUG_INFORMATION_FORMAT = "dwarf-with-dsym";
				ENABLE_NS_ASSERTIONS = NO;
				ENABLE_STRICT_OBJC_MSGSEND = YES;
				GCC_C_LANGUAGE_STANDARD = gnu11;
				GCC_NO_COMMON_BLOCKS = YES;
				GCC_WARN_64_TO_32_BIT_CONVERSION = YES;
				GCC_WARN_ABOUT_RETURN_TYPE = YES_ERROR;
				GCC_WARN_UNDECLARED_SELECTOR = YES;
				GCC_WARN_UNINITIALIZED_AUTOS = YES_AGGRESSIVE;
				GCC_WARN_UNUSED_FUNCTION = YES;
				GCC_WARN_UNUSED_VARIABLE = YES;
				IPHONEOS_DEPLOYMENT_TARGET = 11.2;
				MTL_ENABLE_DEBUG_INFO = NO;
				SDKROOT = iphoneos;
				SWIFT_OPTIMIZATION_LEVEL = "-Owholemodule";
				VALIDATE_PRODUCT = YES;
			};
			name = Release;
		};
		9B8FE6C7202F8DBD00D03CF1 /* Debug */ = {
			isa = XCBuildConfiguration;
			baseConfigurationReference = 9E94BE0D6AEEBABCFDDCDE62 /* Pods-MemMap.debug.xcconfig */;
			buildSettings = {
				ASSETCATALOG_COMPILER_APPICON_NAME = AppIcon;
				CODE_SIGN_STYLE = Automatic;
				DEVELOPMENT_TEAM = G6ZU47QNTF;
				INFOPLIST_FILE = MemMap/Info.plist;
				LD_RUNPATH_SEARCH_PATHS = "$(inherited) @executable_path/Frameworks";
				PRODUCT_BUNDLE_IDENTIFIER = uncommonshacks.MemMap;
				PRODUCT_NAME = "$(TARGET_NAME)";
				SWIFT_VERSION = 4.2;
				TARGETED_DEVICE_FAMILY = "1,2";
			};
			name = Debug;
		};
		9B8FE6C8202F8DBD00D03CF1 /* Release */ = {
			isa = XCBuildConfiguration;
			baseConfigurationReference = 0DAB529A3EBC55B1B261414E /* Pods-MemMap.release.xcconfig */;
			buildSettings = {
				ASSETCATALOG_COMPILER_APPICON_NAME = AppIcon;
				CODE_SIGN_STYLE = Automatic;
				DEVELOPMENT_TEAM = G6ZU47QNTF;
				INFOPLIST_FILE = MemMap/Info.plist;
				LD_RUNPATH_SEARCH_PATHS = "$(inherited) @executable_path/Frameworks";
				PRODUCT_BUNDLE_IDENTIFIER = uncommonshacks.MemMap;
				PRODUCT_NAME = "$(TARGET_NAME)";
				SWIFT_VERSION = 4.2;
				TARGETED_DEVICE_FAMILY = "1,2";
			};
			name = Release;
		};
/* End XCBuildConfiguration section */

/* Begin XCConfigurationList section */
		9B8FE6AD202F8DBD00D03CF1 /* Build configuration list for PBXProject "MemMap" */ = {
			isa = XCConfigurationList;
			buildConfigurations = (
				9B8FE6C4202F8DBD00D03CF1 /* Debug */,
				9B8FE6C5202F8DBD00D03CF1 /* Release */,
			);
			defaultConfigurationIsVisible = 0;
			defaultConfigurationName = Release;
		};
		9B8FE6C6202F8DBD00D03CF1 /* Build configuration list for PBXNativeTarget "MemMap" */ = {
			isa = XCConfigurationList;
			buildConfigurations = (
				9B8FE6C7202F8DBD00D03CF1 /* Debug */,
				9B8FE6C8202F8DBD00D03CF1 /* Release */,
			);
			defaultConfigurationIsVisible = 0;
			defaultConfigurationName = Release;
		};
/* End XCConfigurationList section */
	};
	rootObject = 9B8FE6AA202F8DBD00D03CF1 /* Project object */;
}
